Microsoft Visual Studio Solution File, Format Version 12.00
# Visual Studio 15
Project("{8BC9CEB8-8B4A-11D0-8D11-00A0C91BC942}") = "ALL_BUILD", "ALL_BUILD.vcxproj", "{17F428AA-E089-3FE2-8B7A-FEA841E66039}"
	ProjectSection(ProjectDependencies) = postProject
		{6B12BB47-B5D5-3628-9BED-63C6C3071A42} = {6B12BB47-B5D5-3628-9BED-63C6C3071A42}
		{C76EFB87-A153-39C0-BD30-2A2EA0CD83CE} = {C76EFB87-A153-39C0-BD30-2A2EA0CD83CE}
		{67ADB41A-0602-31E4-B186-5F2B8A59AF3D} = {67ADB41A-0602-31E4-B186-5F2B8A59AF3D}
		{8F3E8A76-4CD4-305D-9DE0-0FE756FF0120} = {8F3E8A76-4CD4-305D-9DE0-0FE756FF0120}
		{4C72693C-3C6A-3FE1-BC46-9C062D6DACCD} = {4C72693C-3C6A-3FE1-BC46-9C062D6DACCD}
		{81FA2AB7-E892-3595-9E86-16919D9CB355} = {81FA2AB7-E892-3595-9E86-16919D9CB355}
		{5E5DD751-1F31-3D33-BC2F-94AE7786003B} = {5E5DD751-1F31-3D33-BC2F-94AE7786003B}
	EndProjectSection
EndProject
Project("{8BC9CEB8-8B4A-11D0-8D11-00A0C91BC942}") = "ANTTWEAKBAR_116_OGLCORE_GLFW", "external\ANTTWEAKBAR_116_OGLCORE_GLFW.vcxproj", "{6B12BB47-B5D5-3628-9BED-63C6C3071A42}"
	ProjectSection(ProjectDependencies) = postProject
		{4C72693C-3C6A-3FE1-BC46-9C062D6DACCD} = {4C72693C-3C6A-3FE1-BC46-9C062D6DACCD}
	EndProjectSection
EndProject
Project("{8BC9CEB8-8B4A-11D0-8D11-00A0C91BC942}") = "CG_UFPel", "CG_UFPel.vcxproj", "{C76EFB87-A153-39C0-BD30-2A2EA0CD83CE}"
	ProjectSection(ProjectDependencies) = postProject
		{6B12BB47-B5D5-3628-9BED-63C6C3071A42} = {6B12BB47-B5D5-3628-9BED-63C6C3071A42}
		{67ADB41A-0602-31E4-B186-5F2B8A59AF3D} = {67ADB41A-0602-31E4-B186-5F2B8A59AF3D}
		{8F3E8A76-4CD4-305D-9DE0-0FE756FF0120} = {8F3E8A76-4CD4-305D-9DE0-0FE756FF0120}
		{4C72693C-3C6A-3FE1-BC46-9C062D6DACCD} = {4C72693C-3C6A-3FE1-BC46-9C062D6DACCD}
		{81FA2AB7-E892-3595-9E86-16919D9CB355} = {81FA2AB7-E892-3595-9E86-16919D9CB355}
		{5E5DD751-1F31-3D33-BC2F-94AE7786003B} = {5E5DD751-1F31-3D33-BC2F-94AE7786003B}
	EndProjectSection
EndProject
Project("{8BC9CEB8-8B4A-11D0-8D11-00A0C91BC942}") = "GLEW_190", "external\GLEW_190.vcxproj", "{67ADB41A-0602-31E4-B186-5F2B8A59AF3D}"
	ProjectSection(ProjectDependencies) = postProject
		{4C72693C-3C6A-3FE1-BC46-9C062D6DACCD} = {4C72693C-3C6A-3FE1-BC46-9C062D6DACCD}
	EndProjectSection
EndProject
Project("{8BC9CEB8-8B4A-11D0-8D11-00A0C91BC942}") = "GLFW_303", "external\glfw-3.0.3\src\GLFW_303.vcxproj", "{8F3E8A76-4CD4-305D-9DE0-0FE756FF0120}"
	ProjectSection(ProjectDependencies) = postProject
		{4C72693C-3C6A-3FE1-BC46-9C062D6DACCD} = {4C72693C-3C6A-3FE1-BC46-9C062D6DACCD}
	EndProjectSection
EndProject
Project("{8BC9CEB8-8B4A-11D0-8D11-00A0C91BC942}") = "INSTALL", "INSTALL.vcxproj", "{3C5CC876-CB1E-3143-B9AC-AE4AE0140975}"
	ProjectSection(ProjectDependencies) = postProject
		{17F428AA-E089-3FE2-8B7A-FEA841E66039} = {17F428AA-E089-3FE2-8B7A-FEA841E66039}
		{4C72693C-3C6A-3FE1-BC46-9C062D6DACCD} = {4C72693C-3C6A-3FE1-BC46-9C062D6DACCD}
	EndProjectSection
EndProject
Project("{8BC9CEB8-8B4A-11D0-8D11-00A0C91BC942}") = "ZERO_CHECK", "ZERO_CHECK.vcxproj", "{4C72693C-3C6A-3FE1-BC46-9C062D6DACCD}"
	ProjectSection(ProjectDependencies) = postProject
	EndProjectSection
EndProject
Project("{8BC9CEB8-8B4A-11D0-8D11-00A0C91BC942}") = "assimp", "external\assimp-3.0.1270\code\assimp.vcxproj", "{81FA2AB7-E892-3595-9E86-16919D9CB355}"
	ProjectSection(ProjectDependencies) = postProject
		{4C72693C-3C6A-3FE1-BC46-9C062D6DACCD} = {4C72693C-3C6A-3FE1-BC46-9C062D6DACCD}
		{5E5DD751-1F31-3D33-BC2F-94AE7786003B} = {5E5DD751-1F31-3D33-BC2F-94AE7786003B}
	EndProjectSection
EndProject
Project("{8BC9CEB8-8B4A-11D0-8D11-00A0C91BC942}") = "zlib", "external\assimp-3.0.1270\contrib\zlib\zlib.vcxproj", "{5E5DD751-1F31-3D33-BC2F-94AE7786003B}"
	ProjectSection(ProjectDependencies) = postProject
		{4C72693C-3C6A-3FE1-BC46-9C062D6DACCD} = {4C72693C-3C6A-3FE1-BC46-9C062D6DACCD}
	EndProjectSection
EndProject
Global
	GlobalSection(SolutionConfigurationPlatforms) = preSolution
		Debug|Win32 = Debug|Win32
		Release|Win32 = Release|Win32
		MinSizeRel|Win32 = MinSizeRel|Win32
		RelWithDebInfo|Win32 = RelWithDebInfo|Win32
	EndGlobalSection
	GlobalSection(ProjectConfigurationPlatforms) = postSolution
		{17F428AA-E089-3FE2-8B7A-FEA841E66039}.Debug|Win32.ActiveCfg = Debug|Win32
		{17F428AA-E089-3FE2-8B7A-FEA841E66039}.Debug|Win32.Build.0 = Debug|Win32
		{17F428AA-E089-3FE2-8B7A-FEA841E66039}.Release|Win32.ActiveCfg = Release|Win32
		{17F428AA-E089-3FE2-8B7A-FEA841E66039}.Release|Win32.Build.0 = Release|Win32
		{17F428AA-E089-3FE2-8B7A-FEA841E66039}.MinSizeRel|Win32.ActiveCfg = MinSizeRel|Win32
		{17F428AA-E089-3FE2-8B7A-FEA841E66039}.MinSizeRel|Win32.Build.0 = MinSizeRel|Win32
		{17F428AA-E089-3FE2-8B7A-FEA841E66039}.RelWithDebInfo|Win32.ActiveCfg = RelWithDebInfo|Win32
		{17F428AA-E089-3FE2-8B7A-FEA841E66039}.RelWithDebInfo|Win32.Build.0 = RelWithDebInfo|Win32
		{6B12BB47-B5D5-3628-9BED-63C6C3071A42}.Debug|Win32.ActiveCfg = Debug|Win32
		{6B12BB47-B5D5-3628-9BED-63C6C3071A42}.Debug|Win32.Build.0 = Debug|Win32
		{6B12BB47-B5D5-3628-9BED-63C6C3071A42}.Release|Win32.ActiveCfg = Release|Win32
		{6B12BB47-B5D5-3628-9BED-63C6C3071A42}.Release|Win32.Build.0 = Release|Win32
		{6B12BB47-B5D5-3628-9BED-63C6C3071A42}.MinSizeRel|Win32.ActiveCfg = MinSizeRel|Win32
		{6B12BB47-B5D5-3628-9BED-63C6C3071A42}.MinSizeRel|Win32.Build.0 = MinSizeRel|Win32
		{6B12BB47-B5D5-3628-9BED-63C6C3071A42}.RelWithDebInfo|Win32.ActiveCfg = RelWithDebInfo|Win32
		{6B12BB47-B5D5-3628-9BED-63C6C3071A42}.RelWithDebInfo|Win32.Build.0 = RelWithDebInfo|Win32
		{C76EFB87-A153-39C0-BD30-2A2EA0CD83CE}.Debug|Win32.ActiveCfg = Debug|Win32
		{C76EFB87-A153-39C0-BD30-2A2EA0CD83CE}.Debug|Win32.Build.0 = Debug|Win32
		{C76EFB87-A153-39C0-BD30-2A2EA0CD83CE}.Release|Win32.ActiveCfg = Release|Win32
		{C76EFB87-A153-39C0-BD30-2A2EA0CD83CE}.Release|Win32.Build.0 = Release|Win32
		{C76EFB87-A153-39C0-BD30-2A2EA0CD83CE}.MinSizeRel|Win32.ActiveCfg = MinSizeRel|Win32
		{C76EFB87-A153-39C0-BD30-2A2EA0CD83CE}.MinSizeRel|Win32.Build.0 = MinSizeRel|Win32
		{C76EFB87-A153-39C0-BD30-2A2EA0CD83CE}.RelWithDebInfo|Win32.ActiveCfg = RelWithDebInfo|Win32
		{C76EFB87-A153-39C0-BD30-2A2EA0CD83CE}.RelWithDebInfo|Win32.Build.0 = RelWithDebInfo|Win32
		{67ADB41A-0602-31E4-B186-5F2B8A59AF3D}.Debug|Win32.ActiveCfg = Debug|Win32
		{67ADB41A-0602-31E4-B186-5F2B8A59AF3D}.Debug|Win32.Build.0 = Debug|Win32
		{67ADB41A-0602-31E4-B186-5F2B8A59AF3D}.Release|Win32.ActiveCfg = Release|Win32
		{67ADB41A-0602-31E4-B186-5F2B8A59AF3D}.Release|Win32.Build.0 = Release|Win32
		{67ADB41A-0602-31E4-B186-5F2B8A59AF3D}.MinSizeRel|Win32.ActiveCfg = MinSizeRel|Win32
		{67ADB41A-0602-31E4-B186-5F2B8A59AF3D}.MinSizeRel|Win32.Build.0 = MinSizeRel|Win32
		{67ADB41A-0602-31E4-B186-5F2B8A59AF3D}.RelWithDebInfo|Win32.ActiveCfg = RelWithDebInfo|Win32
		{67ADB41A-0602-31E4-B186-5F2B8A59AF3D}.RelWithDebInfo|Win32.Build.0 = RelWithDebInfo|Win32
		{8F3E8A76-4CD4-305D-9DE0-0FE756FF0120}.Debug|Win32.ActiveCfg = Debug|Win32
		{8F3E8A76-4CD4-305D-9DE0-0FE756FF0120}.Debug|Win32.Build.0 = Debug|Win32
		{8F3E8A76-4CD4-305D-9DE0-0FE756FF0120}.Release|Win32.ActiveCfg = Release|Win32
		{8F3E8A76-4CD4-305D-9DE0-0FE756FF0120}.Release|Win32.Build.0 = Release|Win32
		{8F3E8A76-4CD4-305D-9DE0-0FE756FF0120}.MinSizeRel|Win32.ActiveCfg = MinSizeRel|Win32
		{8F3E8A76-4CD4-305D-9DE0-0FE756FF0120}.MinSizeRel|Win32.Build.0 = MinSizeRel|Win32
		{8F3E8A76-4CD4-305D-9DE0-0FE756FF0120}.RelWithDebInfo|Win32.ActiveCfg = RelWithDebInfo|Win32
		{8F3E8A76-4CD4-305D-9DE0-0FE756FF0120}.RelWithDebInfo|Win32.Build.0 = RelWithDebInfo|Win32
		{3C5CC876-CB1E-3143-B9AC-AE4AE0140975}.Debug|Win32.ActiveCfg = Debug|Win32
		{3C5CC876-CB1E-3143-B9AC-AE4AE0140975}.Release|Win32.ActiveCfg = Release|Win32
		{3C5CC876-CB1E-3143-B9AC-AE4AE0140975}.MinSizeRel|Win32.ActiveCfg = MinSizeRel|Win32
		{3C5CC876-CB1E-3143-B9AC-AE4AE0140975}.RelWithDebInfo|Win32.ActiveCfg = RelWithDebInfo|Win32
		{4C72693C-3C6A-3FE1-BC46-9C062D6DACCD}.Debug|Win32.ActiveCfg = Debug|Win32
		{4C72693C-3C6A-3FE1-BC46-9C062D6DACCD}.Debug|Win32.Build.0 = Debug|Win32
		{4C72693C-3C6A-3FE1-BC46-9C062D6DACCD}.Release|Win32.ActiveCfg = Release|Win32
		{4C72693C-3C6A-3FE1-BC46-9C062D6DACCD}.Release|Win32.Build.0 = Release|Win32
		{4C72693C-3C6A-3FE1-BC46-9C062D6DACCD}.MinSizeRel|Win32.ActiveCfg = MinSizeRel|Win32
		{4C72693C-3C6A-3FE1-BC46-9C062D6DACCD}.MinSizeRel|Win32.Build.0 = MinSizeRel|Win32
		{4C72693C-3C6A-3FE1-BC46-9C062D6DACCD}.RelWithDebInfo|Win32.ActiveCfg = RelWithDebInfo|Win32
		{4C72693C-3C6A-3FE1-BC46-9C062D6DACCD}.RelWithDebInfo|Win32.Build.0 = RelWithDebInfo|Win32
		{81FA2AB7-E892-3595-9E86-16919D9CB355}.Debug|Win32.ActiveCfg = Debug|Win32
		{81FA2AB7-E892-3595-9E86-16919D9CB355}.Debug|Win32.Build.0 = Debug|Win32
		{81FA2AB7-E892-3595-9E86-16919D9CB355}.Release|Win32.ActiveCfg = Release|Win32
		{81FA2AB7-E892-3595-9E86-16919D9CB355}.Release|Win32.Build.0 = Release|Win32
		{81FA2AB7-E892-3595-9E86-16919D9CB355}.MinSizeRel|Win32.ActiveCfg = MinSizeRel|Win32
		{81FA2AB7-E892-3595-9E86-16919D9CB355}.MinSizeRel|Win32.Build.0 = MinSizeRel|Win32
		{81FA2AB7-E892-3595-9E86-16919D9CB355}.RelWithDebInfo|Win32.ActiveCfg = RelWithDebInfo|Win32
		{81FA2AB7-E892-3595-9E86-16919D9CB355}.RelWithDebInfo|Win32.Build.0 = RelWithDebInfo|Win32
		{5E5DD751-1F31-3D33-BC2F-94AE7786003B}.Debug|Win32.ActiveCfg = Debug|Win32
		{5E5DD751-1F31-3D33-BC2F-94AE7786003B}.Debug|Win32.Build.0 = Debug|Win32
		{5E5DD751-1F31-3D33-BC2F-94AE7786003B}.Release|Win32.ActiveCfg = Release|Win32
		{5E5DD751-1F31-3D33-BC2F-94AE7786003B}.Release|Win32.Build.0 = Release|Win32
		{5E5DD751-1F31-3D33-BC2F-94AE7786003B}.MinSizeRel|Win32.ActiveCfg = MinSizeRel|Win32
		{5E5DD751-1F31-3D33-BC2F-94AE7786003B}.MinSizeRel|Win32.Build.0 = MinSizeRel|Win32
		{5E5DD751-1F31-3D33-BC2F-94AE7786003B}.RelWithDebInfo|Win32.ActiveCfg = RelWithDebInfo|Win32
		{5E5DD751-1F31-3D33-BC2F-94AE7786003B}.RelWithDebInfo|Win32.Build.0 = RelWithDebInfo|Win32
	EndGlobalSection
	GlobalSection(ExtensibilityGlobals) = postSolution
		SolutionGuid = {34C293A5-28E8-3DE2-B0B5-5E6869C03CB5}
	EndGlobalSection
	GlobalSection(ExtensibilityAddIns) = postSolution
	EndGlobalSection
EndGlobal
